// !$*UTF8*$!
{
	archiveVersion = 1;
	classes = {
	};
	objectVersion = 50;
	objects = {

/* Begin PBXBuildFile section */
		57B6F8D622EFD8DD00C6208C /* AppDelegate.swift in Sources */ = {isa = PBXBuildFile; fileRef = 57B6F8D522EFD8DD00C6208C /* AppDelegate.swift */; };
		57B6F8D822EFD8DD00C6208C /* ViewController.swift in Sources */ = {isa = PBXBuildFile; fileRef = 57B6F8D722EFD8DD00C6208C /* ViewController.swift */; };
		57B6F8DB22EFD8DD00C6208C /* Main.storyboard in Resources */ = {isa = PBXBuildFile; fileRef = 57B6F8D922EFD8DD00C6208C /* Main.storyboard */; };
		57B6F8DD22EFD8DE00C6208C /* Assets.xcassets in Resources */ = {isa = PBXBuildFile; fileRef = 57B6F8DC22EFD8DE00C6208C /* Assets.xcassets */; };
		57B6F8E022EFD8DE00C6208C /* LaunchScreen.storyboard in Resources */ = {isa = PBXBuildFile; fileRef = 57B6F8DE22EFD8DE00C6208C /* LaunchScreen.storyboard */; };
		57B6F8EA22EFD92400C6208C /* MenuController.swift in Sources */ = {isa = PBXBuildFile; fileRef = 57B6F8E922EFD92400C6208C /* MenuController.swift */; };
		57B6F8EC22EFD92F00C6208C /* MenuCell.swift in Sources */ = {isa = PBXBuildFile; fileRef = 57B6F8EB22EFD92F00C6208C /* MenuCell.swift */; };
		57B6F8EE22EFD93C00C6208C /* SwipingController.swift in Sources */ = {isa = PBXBuildFile; fileRef = 57B6F8ED22EFD93C00C6208C /* SwipingController.swift */; };
		57B6F8F022EFD94C00C6208C /* NewsItemsController.swift in Sources */ = {isa = PBXBuildFile; fileRef = 57B6F8EF22EFD94C00C6208C /* NewsItemsController.swift */; };
		57B6F8F222EFD95500C6208C /* MainCell.swift in Sources */ = {isa = PBXBuildFile; fileRef = 57B6F8F122EFD95500C6208C /* MainCell.swift */; };
		57B7D01622EFF21000A3085D /* UIView+Layout.swift in Sources */ = {isa = PBXBuildFile; fileRef = 57B7D01522EFF21000A3085D /* UIView+Layout.swift */; };
/* End PBXBuildFile section */

/* Begin PBXFileReference section */
		57B6F8D222EFD8DD00C6208C /* SwipingPage.app */ = {isa = PBXFileReference; explicitFileType = wrapper.application; includeInIndex = 0; path = SwipingPage.app; sourceTree = BUILT_PRODUCTS_DIR; };
		57B6F8D522EFD8DD00C6208C /* AppDelegate.swift */ = {isa = PBXFileReference; lastKnownFileType = sourcecode.swift; path = AppDelegate.swift; sourceTree = "<group>"; };
		57B6F8D722EFD8DD00C6208C /* ViewController.swift */ = {isa = PBXFileReference; lastKnownFileType = sourcecode.swift; path = ViewController.swift; sourceTree = "<group>"; };
		57B6F8DA22EFD8DD00C6208C /* Base */ = {isa = PBXFileReference; lastKnownFileType = file.storyboard; name = Base; path = Base.lproj/Main.storyboard; sourceTree = "<group>"; };
		57B6F8DC22EFD8DE00C6208C /* Assets.xcassets */ = {isa = PBXFileReference; lastKnownFileType = folder.assetcatalog; path = Assets.xcassets; sourceTree = "<group>"; };
		57B6F8DF22EFD8DE00C6208C /* Base */ = {isa = PBXFileReference; lastKnownFileType = file.storyboard; name = Base; path = Base.lproj/LaunchScreen.storyboard; sourceTree = "<group>"; };
		57B6F8E122EFD8DE00C6208C /* Info.plist */ = {isa = PBXFileReference; lastKnownFileType = text.plist.xml; path = Info.plist; sourceTree = "<group>"; };
		57B6F8E922EFD92400C6208C /* MenuController.swift */ = {isa = PBXFileReference; lastKnownFileType = sourcecode.swift; path = MenuController.swift; sourceTree = "<group>"; };
		57B6F8EB22EFD92F00C6208C /* MenuCell.swift */ = {isa = PBXFileReference; lastKnownFileType = sourcecode.swift; path = MenuCell.swift; sourceTree = "<group>"; };
		57B6F8ED22EFD93C00C6208C /* SwipingController.swift */ = {isa = PBXFileReference; lastKnownFileType = sourcecode.swift; path = SwipingController.swift; sourceTree = "<group>"; };
		57B6F8EF22EFD94C00C6208C /* NewsItemsController.swift */ = {isa = PBXFileReference; lastKnownFileType = sourcecode.swift; path = NewsItemsController.swift; sourceTree = "<group>"; };
		57B6F8F122EFD95500C6208C /* MainCell.swift */ = {isa = PBXFileReference; lastKnownFileType = sourcecode.swift; path = MainCell.swift; sourceTree = "<group>"; };
		57B7D01522EFF21000A3085D /* UIView+Layout.swift */ = {isa = PBXFileReference; fileEncoding = 4; lastKnownFileType = sourcecode.swift; path = "UIView+Layout.swift"; sourceTree = "<group>"; };
/* End PBXFileReference section */

/* Begin PBXFrameworksBuildPhase section */
		57B6F8CF22EFD8DD00C6208C /* Frameworks */ = {
			isa = PBXFrameworksBuildPhase;
			buildActionMask = 2147483647;
			files = (
			);
			runOnlyForDeploymentPostprocessing = 0;
		};
/* End PBXFrameworksBuildPhase section */

/* Begin PBXGroup section */
		57B6F8C922EFD8DD00C6208C = {
			isa = PBXGroup;
			children = (
				57B6F8D422EFD8DD00C6208C /* SwipingPage */,
				57B6F8D322EFD8DD00C6208C /* Products */,
			);
			sourceTree = "<group>";
		};
		57B6F8D322EFD8DD00C6208C /* Products */ = {
			isa = PBXGroup;
			children = (
				57B6F8D222EFD8DD00C6208C /* SwipingPage.app */,
			);
			name = Products;
			sourceTree = "<group>";
		};
		57B6F8D422EFD8DD00C6208C /* SwipingPage */ = {
			isa = PBXGroup;
			children = (
				57B6F8E722EFD90800C6208C /* Main */,
				57B6F8E822EFD90D00C6208C /* Menu */,
				57B6F8D522EFD8DD00C6208C /* AppDelegate.swift */,
				57B6F8D722EFD8DD00C6208C /* ViewController.swift */,
				57B7D01522EFF21000A3085D /* UIView+Layout.swift */,
				57B6F8D922EFD8DD00C6208C /* Main.storyboard */,
				57B6F8DC22EFD8DE00C6208C /* Assets.xcassets */,
				57B6F8DE22EFD8DE00C6208C /* LaunchScreen.storyboard */,
				57B6F8E122EFD8DE00C6208C /* Info.plist */,
			);
			path = SwipingPage;
			sourceTree = "<group>";
		};
		57B6F8E722EFD90800C6208C /* Main */ = {
			isa = PBXGroup;
			children = (
				57B6F8ED22EFD93C00C6208C /* SwipingController.swift */,
				57B6F8EF22EFD94C00C6208C /* NewsItemsController.swift */,
				57B6F8F122EFD95500C6208C /* MainCell.swift */,
			);
			path = Main;
			sourceTree = "<group>";
		};
		57B6F8E822EFD90D00C6208C /* Menu */ = {
			isa = PBXGroup;
			children = (
				57B6F8E922EFD92400C6208C /* MenuController.swift */,
				57B6F8EB22EFD92F00C6208C /* MenuCell.swift */,
			);
			path = Menu;
			sourceTree = "<group>";
		};
/* End PBXGroup section */

/* Begin PBXNativeTarget section */
		57B6F8D122EFD8DD00C6208C /* SwipingPage */ = {
			isa = PBXNativeTarget;
			buildConfigurationList = 57B6F8E422EFD8DE00C6208C /* Build configuration list for PBXNativeTarget "SwipingPage" */;
			buildPhases = (
				57B6F8CE22EFD8DD00C6208C /* Sources */,
				57B6F8CF22EFD8DD00C6208C /* Frameworks */,
				57B6F8D022EFD8DD00C6208C /* Resources */,
			);
			buildRules = (
			);
			dependencies = (
			);
			name = SwipingPage;
			productName = SwipingPage;
			productReference = 57B6F8D222EFD8DD00C6208C /* SwipingPage.app */;
			productType = "com.apple.product-type.application";
		};
/* End PBXNativeTarget section */

/* Begin PBXProject section */
		57B6F8CA22EFD8DD00C6208C /* Project object */ = {
			isa = PBXProject;
			attributes = {
				LastSwiftUpdateCheck = 1020;
				LastUpgradeCheck = 1020;
				ORGANIZATIONNAME = "Mai Le Duong";
				TargetAttributes = {
					57B6F8D122EFD8DD00C6208C = {
						CreatedOnToolsVersion = 10.2;
					};
				};
			};
			buildConfigurationList = 57B6F8CD22EFD8DD00C6208C /* Build configuration list for PBXProject "SwipingPage" */;
			compatibilityVersion = "Xcode 9.3";
			developmentRegion = en;
			hasScannedForEncodings = 0;
			knownRegions = (
				en,
				Base,
			);
			mainGroup = 57B6F8C922EFD8DD00C6208C;
			productRefGroup = 57B6F8D322EFD8DD00C6208C /* Products */;
			projectDirPath = "";
			projectRoot = "";
			targets = (
				57B6F8D122EFD8DD00C6208C /* SwipingPage */,
			);
		};
/* End PBXProject section */

/* Begin PBXResourcesBuildPhase section */
		57B6F8D022EFD8DD00C6208C /* Resources */ = {
			isa = PBXResourcesBuildPhase;
			buildActionMask = 2147483647;
			files = (
				57B6F8E022EFD8DE00C6208C /* LaunchScreen.storyboard in Resources */,
				57B6F8DD22EFD8DE00C6208C /* Assets.xcassets in Resources */,
				57B6F8DB22EFD8DD00C6208C /* Main.storyboard in Resources */,
			);
			runOnlyForDeploymentPostprocessing = 0;
		};
/* End PBXResourcesBuildPhase section */

/* Begin PBXSourcesBuildPhase section */
		57B6F8CE22EFD8DD00C6208C /* Sources */ = {
			isa = PBXSourcesBuildPhase;
			buildActionMask = 2147483647;
			files = (
				57B6F8D822EFD8DD00C6208C /* ViewController.swift in Sources */,
				57B6F8F222EFD95500C6208C /* MainCell.swift in Sources */,
				57B6F8EA22EFD92400C6208C /* MenuController.swift in Sources */,
				57B6F8EC22EFD92F00C6208C /* MenuCell.swift in Sources */,
				57B6F8EE22EFD93C00C6208C /* SwipingController.swift in Sources */,
				57B7D01622EFF21000A3085D /* UIView+Layout.swift in Sources */,
				57B6F8D622EFD8DD00C6208C /* AppDelegate.swift in Sources */,
				57B6F8F022EFD94C00C6208C /* NewsItemsController.swift in Sources */,
			);
			runOnlyForDeploymentPostprocessing = 0;
		};
/* End PBXSourcesBuildPhase section */

/* Begin PBXVariantGroup section */
		57B6F8D922EFD8DD00C6208C /* Main.storyboard */ = {
			isa = PBXVariantGroup;
			children = (
				57B6F8DA22EFD8DD00C6208C /* Base */,
			);
			name = Main.storyboard;
			sourceTree = "<group>";
		};
		57B6F8DE22EFD8DE00C6208C /* LaunchScreen.storyboard */ = {
			isa = PBXVariantGroup;
			children = (
				57B6F8DF22EFD8DE00C6208C /* Base */,
			);
			name = LaunchScreen.storyboard;
			sourceTree = "<group>";
		};
/* End PBXVariantGroup section */

/* Begin XCBuildConfiguration section */
		57B6F8E222EFD8DE00C6208C /* Debug */ = {
			isa = XCBuildConfiguration;
			buildSettings = {
				ALWAYS_SEARCH_USER_PATHS = NO;
				CLANG_ANALYZER_NONNULL = YES;
				CLANG_ANALYZER_NUMBER_OBJECT_CONVERSION = YES_AGGRESSIVE;
				CLANG_CXX_LANGUAGE_STANDARD = "gnu++14";
				CLANG_CXX_LIBRARY = "libc++";
				CLANG_ENABLE_MODULES = YES;
				CLANG_ENABLE_OBJC_ARC = YES;
				CLANG_ENABLE_OBJC_WEAK = YES;
				CLANG_WARN_BLOCK_CAPTURE_AUTORELEASING = YES;
				CLANG_WARN_BOOL_CONVERSION = YES;
				CLANG_WARN_COMMA = YES;
				CLANG_WARN_CONSTANT_CONVERSION = YES;
				CLANG_WARN_DEPRECATED_OBJC_IMPLEMENTATIONS = YES;
				CLANG_WARN_DIRECT_OBJC_ISA_USAGE = YES_ERROR;
				CLANG_WARN_DOCUMENTATION_COMMENTS = YES;
				CLANG_WARN_EMPTY_BODY = YES;
				CLANG_WARN_ENUM_CONVERSION = YES;
				CLANG_WARN_INFINITE_RECURSION = YES;
				CLANG_WARN_INT_CONVERSION = YES;
				CLANG_WARN_NON_LITERAL_NULL_CONVERSION = YES;
				CLANG_WARN_OBJC_IMPLICIT_RETAIN_SELF = YES;
				CLANG_WARN_OBJC_LITERAL_CONVERSION = YES;
				CLANG_WARN_OBJC_ROOT_CLASS = YES_ERROR;
				CLANG_WARN_RANGE_LOOP_ANALYSIS = YES;
				CLANG_WARN_STRICT_PROTOTYPES = YES;
				CLANG_WARN_SUSPICIOUS_MOVE = YES;
				CLANG_WARN_UNGUARDED_AVAILABILITY = YES_AGGRESSIVE;
				CLANG_WARN_UNREACHABLE_CODE = YES;
				CLANG_WARN__DUPLICATE_METHOD_MATCH = YES;
				CODE_SIGN_IDENTITY = "iPhone Developer";
				COPY_PHASE_STRIP = NO;
				DEBUG_INFORMATION_FORMAT = dwarf;
				ENABLE_STRICT_OBJC_MSGSEND = YES;
				ENABLE_TESTABILITY = YES;
				GCC_C_LANGUAGE_STANDARD = gnu11;
				GCC_DYNAMIC_NO_PIC = NO;
				GCC_NO_COMMON_BLOCKS = YES;
				GCC_OPTIMIZATION_LEVEL = 0;
				GCC_PREPROCESSOR_DEFINITIONS = (
					"DEBUG=1",
					"$(inherited)",
				);
				GCC_WARN_64_TO_32_BIT_CONVERSION = YES;
				GCC_WARN_ABOUT_RETURN_TYPE = YES_ERROR;
				GCC_WARN_UNDECLARED_SELECTOR = YES;
				GCC_WARN_UNINITIALIZED_AUTOS = YES_AGGRESSIVE;
				GCC_WARN_UNUSED_FUNCTION = YES;
				GCC_WARN_UNUSED_VARIABLE = YES;
				IPHONEOS_DEPLOYMENT_TARGET = 12.2;
				MTL_ENABLE_DEBUG_INFO = INCLUDE_SOURCE;
				MTL_FAST_MATH = YES;
				ONLY_ACTIVE_ARCH = YES;
				SDKROOT = iphoneos;
				SWIFT_ACTIVE_COMPILATION_CONDITIONS = DEBUG;
				SWIFT_OPTIMIZATION_LEVEL = "-Onone";
			};
			name = Debug;
		};
		57B6F8E322EFD8DE00C6208C /* Release */ = {
			isa = XCBuildConfiguration;
			buildSettings = {
				ALWAYS_SEARCH_USER_PATHS = NO;
				CLANG_ANALYZER_NONNULL = YES;
				CLANG_ANALYZER_NUMBER_OBJECT_CONVERSION = YES_AGGRESSIVE;
				CLANG_CXX_LANGUAGE_STANDARD = "gnu++14";
				CLANG_CXX_LIBRARY = "libc++";
				CLANG_ENABLE_MODULES = YES;
				CLANG_ENABLE_OBJC_ARC = YES;
				CLANG_ENABLE_OBJC_WEAK = YES;
				CLANG_WARN_BLOCK_CAPTURE_AUTORELEASING = YES;
				CLANG_WARN_BOOL_CONVERSION = YES;
				CLANG_WARN_COMMA = YES;
				CLANG_WARN_CONSTANT_CONVERSION = YES;
				CLANG_WARN_DEPRECATED_OBJC_IMPLEMENTATIONS = YES;
				CLANG_WARN_DIRECT_OBJC_ISA_USAGE = YES_ERROR;
				CLANG_WARN_DOCUMENTATION_COMMENTS = YES;
				CLANG_WARN_EMPTY_BODY = YES;
				CLANG_WARN_ENUM_CONVERSION = YES;
				CLANG_WARN_INFINITE_RECURSION = YES;
				CLANG_WARN_INT_CONVERSION = YES;
				CLANG_WARN_NON_LITERAL_NULL_CONVERSION = YES;
				CLANG_WARN_OBJC_IMPLICIT_RETAIN_SELF = YES;
				CLANG_WARN_OBJC_LITERAL_CONVERSION = YES;
				CLANG_WARN_OBJC_ROOT_CLASS = YES_ERROR;
				CLANG_WARN_RANGE_LOOP_ANALYSIS = YES;
				CLANG_WARN_STRICT_PROTOTYPES = YES;
				CLANG_WARN_SUSPICIOUS_MOVE = YES;
				CLANG_WARN_UNGUARDED_AVAILABILITY = YES_AGGRESSIVE;
				CLANG_WARN_UNREACHABLE_CODE = YES;
				CLANG_WARN__DUPLICATE_METHOD_MATCH = YES;
				CODE_SIGN_IDENTITY = "iPhone Developer";
				COPY_PHASE_STRIP = NO;
				DEBUG_INFORMATION_FORMAT = "dwarf-with-dsym";
				ENABLE_NS_ASSERTIONS = NO;
				ENABLE_STRICT_OBJC_MSGSEND = YES;
				GCC_C_LANGUAGE_STANDARD = gnu11;
				GCC_NO_COMMON_BLOCKS = YES;
				GCC_WARN_64_TO_32_BIT_CONVERSION = YES;
				GCC_WARN_ABOUT_RETURN_TYPE = YES_ERROR;
				GCC_WARN_UNDECLARED_SELECTOR = YES;
				GCC_WARN_UNINITIALIZED_AUTOS = YES_AGGRESSIVE;
				GCC_WARN_UNUSED_FUNCTION = YES;
				GCC_WARN_UNUSED_VARIABLE = YES;
				IPHONEOS_DEPLOYMENT_TARGET = 12.2;
				MTL_ENABLE_DEBUG_INFO = NO;
				MTL_FAST_MATH = YES;
				SDKROOT = iphoneos;
				SWIFT_COMPILATION_MODE = wholemodule;
				SWIFT_OPTIMIZATION_LEVEL = "-O";
				VALIDATE_PRODUCT = YES;
			};
			name = Release;
		};
		57B6F8E522EFD8DE00C6208C /* Debug */ = {
			isa = XCBuildConfiguration;
			buildSettings = {
				ASSETCATALOG_COMPILER_APPICON_NAME = AppIcon;
				CODE_SIGN_STYLE = Automatic;
				INFOPLIST_FILE = SwipingPage/Info.plist;
				LD_RUNPATH_SEARCH_PATHS = (
					"$(inherited)",
					"@executable_path/Frameworks",
				);
				PRODUCT_BUNDLE_IDENTIFIER = nok.SwipingPage;
				PRODUCT_NAME = "$(TARGET_NAME)";
				SWIFT_VERSION = 5.0;
				TARGETED_DEVICE_FAMILY = "1,2";
			};
			name = Debug;
		};
		57B6F8E622EFD8DE00C6208C /* Release */ = {
			isa = XCBuildConfiguration;
			buildSettings = {
				ASSETCATALOG_COMPILER_APPICON_NAME = AppIcon;
				CODE_SIGN_STYLE = Automatic;
				INFOPLIST_FILE = SwipingPage/Info.plist;
				LD_RUNPATH_SEARCH_PATHS = (
					"$(inherited)",
					"@executable_path/Frameworks",
				);
				PRODUCT_BUNDLE_IDENTIFIER = nok.SwipingPage;
				PRODUCT_NAME = "$(TARGET_NAME)";
				SWIFT_VERSION = 5.0;
				TARGETED_DEVICE_FAMILY = "1,2";
			};
			name = Release;
		};
/* End XCBuildConfiguration section */

/* Begin XCConfigurationList section */
		57B6F8CD22EFD8DD00C6208C /* Build configuration list for PBXProject "SwipingPage" */ = {
			isa = XCConfigurationList;
			buildConfigurations = (
				57B6F8E222EFD8DE00C6208C /* Debug */,
				57B6F8E322EFD8DE00C6208C /* Release */,
			);
			defaultConfigurationIsVisible = 0;
			defaultConfigurationName = Release;
		};
		57B6F8E422EFD8DE00C6208C /* Build configuration list for PBXNativeTarget "SwipingPage" */ = {
			isa = XCConfigurationList;
			buildConfigurations = (
				57B6F8E522EFD8DE00C6208C /* Debug */,
				57B6F8E622EFD8DE00C6208C /* Release */,
			);
			defaultConfigurationIsVisible = 0;
			defaultConfigurationName = Release;
		};
/* End XCConfigurationList section */
	};
	rootObject = 57B6F8CA22EFD8DD00C6208C /* Project object */;
}
